
Microsoft Visual Studio Solution File, Format Version 12.00
# Visual Studio Version 17
VisualStudioVersion = 17.5.33424.131
MinimumVisualStudioVersion = 10.0.40219.1
Project("{FAE04EC0-301F-11D3-BF4B-00C04F79EFBC}") = "Csharp", "Csharp\Csharp.csproj", "{A9CC3991-AF77-4E12-9F70-2D1F230537B2}"
EndProject
Global
	GlobalSection(SolutionConfigurationPlatforms) = preSolution
		Debug|Any CPU = Debug|Any CPU
		Release|Any CPU = Release|Any CPU
	EndGlobalSection
	GlobalSection(ProjectConfigurationPlatforms) = postSolution
		{A9CC3991-AF77-4E12-9F70-2D1F230537B2}.Debug|Any CPU.ActiveCfg = Debug|Any CPU
		{A9CC3991-AF77-4E12-9F70-2D1F230537B2}.Debug|Any CPU.Build.0 = Debug|Any CPU
		{A9CC3991-AF77-4E12-9F70-2D1F230537B2}.Release|Any CPU.ActiveCfg = Release|Any CPU
		{A9CC3991-AF77-4E12-9F70-2D1F230537B2}.Release|Any CPU.Build.0 = Release|Any CPU
	EndGlobalSection
	GlobalSection(SolutionProperties) = preSolution
		HideSolutionNode = FALSE
	EndGlobalSection
	GlobalSection(ExtensibilityGlobals) = postSolution
		SolutionGuid = {5B0D96E9-5187-42AB-B436-D442E3207C0F}
	EndGlobalSection
EndGlobal
